
Microsoft Visual Studio Solution File, Format Version 12.00
# Visual Studio Version 17
VisualStudioVersion = 17.9.34723.18
MinimumVisualStudioVersion = 10.0.40219.1
Project("{FAE04EC0-301F-11D3-BF4B-00C04F79EFBC}") = "NumberWordle", "NumberWordle\NumberWordle.csproj", "{037544E3-4EB2-449C-A0A6-D99603A5AF90}"
EndProject
Global
	GlobalSection(SolutionConfigurationPlatforms) = preSolution
		Debug|Any CPU = Debug|Any CPU
		Release|Any CPU = Release|Any CPU
	EndGlobalSection
	GlobalSection(ProjectConfigurationPlatforms) = postSolution
		{037544E3-4EB2-449C-A0A6-D99603A5AF90}.Debug|Any CPU.ActiveCfg = Debug|Any CPU
		{037544E3-4EB2-449C-A0A6-D99603A5AF90}.Debug|Any CPU.Build.0 = Debug|Any CPU
		{037544E3-4EB2-449C-A0A6-D99603A5AF90}.Release|Any CPU.ActiveCfg = Release|Any CPU
		{037544E3-4EB2-449C-A0A6-D99603A5AF90}.Release|Any CPU.Build.0 = Release|Any CPU
	EndGlobalSection
	GlobalSection(SolutionProperties) = preSolution
		HideSolutionNode = FALSE
	EndGlobalSection
	GlobalSection(ExtensibilityGlobals) = postSolution
		SolutionGuid = {27346BFE-8093-41C5-A328-B7830F866914}
	EndGlobalSection
EndGlobal
